<?xml version="1.0" encoding="utf-8"?>
<Project ToolsVersion="4.0" xmlns="http://schemas.microsoft.com/developer/msbuild/2003">
  <ItemGroup>
    <Filter Include="Source Files">
      <UniqueIdentifier>{4FC737F1-C7A5-4376-A066-2A32D752A2FF}</UniqueIdentifier>
      <Extensions>cpp;c;cc;cxx;def;odl;idl;hpj;bat;asm;asmx</Extensions>
    </Filter>
    <Filter Include="Header Files">
      <UniqueIdentifier>{93995380-89BD-4b04-88EB-625FBE52EBFB}</UniqueIdentifier>
      <Extensions>h;hh;hpp;hxx;hm;inl;inc;ipp;xsd</Extensions>
    </Filter>
    <Filter Include="Resource Files">
      <UniqueIdentifier>{67DA6AB6-F800-4c08-8B7A-83BB121AAD01}</UniqueIdentifier>
      <Extensions>rc;ico;cur;bmp;dlg;rc2;rct;bin;rgs;gif;jpg;jpeg;jpe;resx;tiff;tif;png;wav;mfcribbon-ms</Extensions>
    </Filter>
    <Filter Include="Modules">
      <UniqueIdentifier>{5eebdcc0-81e4-4d0f-abf7-3a36a894f9d4}</UniqueIdentifier>
    </Filter>
  </ItemGroup>
  <ItemGroup>
    <ClCompile Include="main.cpp">
      <Filter>Source Files</Filter>
    </ClCompile>
    <ClCompile Include="Shell.cpp">
      <Filter>Source Files</Filter>
    </ClCompile>
    <ClCompile Include="PCB.cpp">
      <Filter>Modules</Filter>
    </ClCompile>
    <ClCompile Include="RamMemory.cpp">
      <Filter>Modules</Filter>
    </ClCompile>
    <ClCompile Include="ShellCommandFactory.cpp">
      <Filter>Source Files</Filter>
    </ClCompile>
    <ClCompile Include="ShellCommands.cpp">
      <Filter>Source Files</Filter>
    </ClCompile>
    <ClCompile Include="ConsoleCommandCreator.cpp">
      <Filter>Source Files</Filter>
    </ClCompile>
    <ClCompile Include="PcbCommandFactory.cpp">
      <Filter>Source Files</Filter>
    </ClCompile>
    <ClCompile Include="PcbCommands.cpp">
      <Filter>Source Files</Filter>
    </ClCompile>
    <ClCompile Include="PcbArgumentType.cpp">
      <Filter>Source Files</Filter>
    </ClCompile>
    <ClCompile Include="NumberConversion.cpp">
      <Filter>Source Files</Filter>
    </ClCompile>
    <ClCompile Include="FileManager.cpp">
      <Filter>Modules</Filter>
    </ClCompile>
  </ItemGroup>
  <ItemGroup>
    <Text Include="out.txt" />
    <Text Include="EqualTest.txt" />
    <Text Include="programTestowy.txt" />
    <Text Include="Text.txt" />
    <Text Include="memoryTest.txt" />
    <Text Include="nwd.txt" />
    <Text Include="dummy.txt" />
    <Text Include="asci.txt" />
    <Text Include="test.txt" />
    <Text Include="file.txt" />
  </ItemGroup>
  <ItemGroup>
    <ClInclude Include="Shell.hpp">
      <Filter>Header Files</Filter>
    </ClInclude>
    <ClInclude Include="PCB.hpp">
      <Filter>Modules</Filter>
    </ClInclude>
    <ClInclude Include="RamMemory.hpp">
      <Filter>Modules</Filter>
    </ClInclude>
    <ClInclude Include="ShellCommandFactory.hpp">
      <Filter>Header Files</Filter>
    </ClInclude>
    <ClInclude Include="ShellCommands.hpp">
      <Filter>Header Files</Filter>
    </ClInclude>
    <ClInclude Include="ConsoleCommandCreator.hpp">
      <Filter>Header Files</Filter>
    </ClInclude>
    <ClInclude Include="PcbCommandFactory.hpp">
      <Filter>Header Files</Filter>
    </ClInclude>
    <ClInclude Include="PcbCommands.hpp">
      <Filter>Header Files</Filter>
    </ClInclude>
    <ClInclude Include="PcbArgumentType.hpp">
      <Filter>Header Files</Filter>
    </ClInclude>
    <ClInclude Include="NumberConversion.hpp">
      <Filter>Header Files</Filter>
    </ClInclude>
    <ClInclude Include="FileManager.hpp">
      <Filter>Modules</Filter>
    </ClInclude>
  </ItemGroup>
</Project>