<?xml version="1.0" encoding="utf-8"?>
<Project ToolsVersion="4.0" xmlns="http://schemas.microsoft.com/developer/msbuild/2003">
  <ItemGroup>
    <Filter Include="Source Files">
      <UniqueIdentifier>{4FC737F1-C7A5-4376-A066-2A32D752A2FF}</UniqueIdentifier>
      <Extensions>cpp;c;cc;cxx;def;odl;idl;hpj;bat;asm;asmx</Extensions>
    </Filter>
    <Filter Include="Header Files">
      <UniqueIdentifier>{93995380-89BD-4b04-88EB-625FBE52EBFB}</UniqueIdentifier>
      <Extensions>h;hh;hpp;hxx;hm;inl;inc;ipp;xsd</Extensions>
    </Filter>
    <Filter Include="Resource Files">
      <UniqueIdentifier>{67DA6AB6-F800-4c08-8B7A-83BB121AAD01}</UniqueIdentifier>
      <Extensions>rc;ico;cur;bmp;dlg;rc2;rct;bin;rgs;gif;jpg;jpeg;jpe;resx;tiff;tif;png;wav;mfcribbon-ms</Extensions>
    </Filter>
    <Filter Include="Header Files\CommandScript">
      <UniqueIdentifier>{6b8ecc8f-c0d7-40a9-bf7f-072c48581bcf}</UniqueIdentifier>
    </Filter>
    <Filter Include="Header Files\CommandScript\Command">
      <UniqueIdentifier>{18bcee3e-3031-4158-8ed0-9ba53b6463fe}</UniqueIdentifier>
    </Filter>
    <Filter Include="ArgumentType">
      <UniqueIdentifier>{332223ba-df43-4734-8175-c15ef30b5d5f}</UniqueIdentifier>
    </Filter>
  </ItemGroup>
  <ItemGroup>
    <ClInclude Include="AssemblerCommandFactory.hpp">
      <Filter>Header Files</Filter>
    </ClInclude>
    <ClInclude Include="AssemblerCommandInterface.hpp">
      <Filter>Header Files</Filter>
    </ClInclude>
    <ClInclude Include="Conversion.hpp">
      <Filter>Header Files</Filter>
    </ClInclude>
    <ClInclude Include="Flags.hpp">
      <Filter>Header Files</Filter>
    </ClInclude>
    <ClInclude Include="Interpreter.hpp">
      <Filter>Header Files</Filter>
    </ClInclude>
    <ClInclude Include="PCB.hpp">
      <Filter>Header Files</Filter>
    </ClInclude>
    <ClInclude Include="Command.hpp">
      <Filter>Header Files\CommandScript\Command</Filter>
    </ClInclude>
    <ClInclude Include="LogicCommand.hpp">
      <Filter>Header Files\CommandScript\Command</Filter>
    </ClInclude>
    <ClInclude Include="MathCommand.hpp">
      <Filter>Header Files\CommandScript\Command</Filter>
    </ClInclude>
    <ClInclude Include="AssemblerTranslator.hpp">
      <Filter>Header Files\CommandScript</Filter>
    </ClInclude>
    <ClInclude Include="ConsoleCommand.hpp">
      <Filter>Header Files\CommandScript\Command</Filter>
    </ClInclude>
    <ClInclude Include="ArgumentInterface.hpp">
      <Filter>ArgumentType</Filter>
    </ClInclude>
  </ItemGroup>
  <ItemGroup>
    <ClCompile Include="AssemblerCommandFactory.cpp">
      <Filter>Source Files</Filter>
    </ClCompile>
    <ClCompile Include="Interpreter.cpp">
      <Filter>Source Files</Filter>
    </ClCompile>
  </ItemGroup>
</Project>